{
    "name": "pagez",
    "version": "1.0.0",
    "lockfileVersion": 3,
    "requires": true,
    "packages": {
        "": {
            "name": "pagez",
            "version": "1.0.0",
            "hasInstallScript": true,
            "dependencies": {
                "@minify-html/node": "^0.15.0",
                "html-minifier": "^4.0.0",
                "uglify-js": "^3.17.4"
            },
            "devDependencies": {
                "@types/html-minifier": "^4.0.5",
                "@types/uglify-js": "^3.17.5",
                "typescript": "^5.4.5"
            }
        },
        "node_modules/@minify-html/node": {
            "version": "0.15.0",
            "resolved": "https://registry.npmjs.org/@minify-html/node/-/node-0.15.0.tgz",
            "integrity": "sha512-ANzt6ZBiqtwrepVXRfa0Qn/woCkINFBjQEKiXyBmg7+51mIFQHVAUbAm6UHRrT0L3xoPG0BX0/XI3NqtjK8Vyg==",
            "bin": {
                "minify-html": "cli.js"
            },
            "engines": {
                "node": ">= 8.6.0"
            },
            "optionalDependencies": {
                "@minify-html/node-darwin-arm64": "0.15.0",
                "@minify-html/node-darwin-x64": "0.15.0",
                "@minify-html/node-linux-arm64": "0.15.0",
                "@minify-html/node-linux-x64": "0.15.0",
                "@minify-html/node-win32-x64": "0.15.0"
            }
        },
        "node_modules/@minify-html/node-darwin-x64": {
            "version": "0.15.0",
            "resolved": "https://registry.npmjs.org/@minify-html/node-darwin-x64/-/node-darwin-x64-0.15.0.tgz",
            "integrity": "sha512-D9M9UDku/8I5VEMS0gTLFFQK1DFXK8io+QZvR5cbya4u8NmdDQix/t3EyCR4Wgv/Gfk86gwIS+zfMSvuKcpb5A==",
            "cpu": [
                "x64"
            ],
            "optional": true,
            "os": [
                "darwin"
            ]
        },
        "node_modules/@minify-html/node-linux-x64": {
            "version": "0.15.0",
            "resolved": "https://registry.npmjs.org/@minify-html/node-linux-x64/-/node-linux-x64-0.15.0.tgz",
            "integrity": "sha512-cO893EV6O9ZHUFX+2Yge546OCo/eCiatjzJDmUmrPP56fQ7pzTRquHs4ko3t8Rg6tMKG7RT49mBuF09JWPnrgg==",
            "cpu": [
                "x64"
            ],
            "optional": true,
            "os": [
                "linux"
            ]
        },
        "node_modules/@minify-html/node-win32-x64": {
            "version": "0.15.0",
            "resolved": "https://registry.npmjs.org/@minify-html/node-win32-x64/-/node-win32-x64-0.15.0.tgz",
            "integrity": "sha512-n92IFdtntchlUtyrq13pRI8TT3sOddbzuo4EPTSeocuTJMXaR77v0JYDu0fIjxXNawgGq6nBEeicxAcH4CbvUQ==",
            "cpu": [
                "x64"
            ],
            "optional": true,
            "os": [
                "win32"
            ]
        },
        "node_modules/@types/clean-css": {
            "version": "4.2.11",
            "resolved": "https://registry.npmjs.org/@types/clean-css/-/clean-css-4.2.11.tgz",
            "integrity": "sha512-Y8n81lQVTAfP2TOdtJJEsCoYl1AnOkqDqMvXb9/7pfgZZ7r8YrEyurrAvAoAjHOGXKRybay+5CsExqIH6liccw==",
            "dev": true,
            "dependencies": {
                "@types/node": "*",
                "source-map": "^0.6.0"
            }
        },
        "node_modules/@types/html-minifier": {
            "version": "4.0.5",
            "resolved": "https://registry.npmjs.org/@types/html-minifier/-/html-minifier-4.0.5.tgz",
            "integrity": "sha512-LfE7f7MFd+YUfZnlBz8W43P4NgSObWiqyKapANsWCj63Aqeqli8/9gVsGP4CwC8jPpTTYlTopKCk9rJSuht/ew==",
            "dev": true,
            "dependencies": {
                "@types/clean-css": "*",
                "@types/relateurl": "*",
                "@types/uglify-js": "*"
            }
        },
        "node_modules/@types/node": {
            "version": "20.12.11",
            "resolved": "https://registry.npmjs.org/@types/node/-/node-20.12.11.tgz",
            "integrity": "sha512-vDg9PZ/zi+Nqp6boSOT7plNuthRugEKixDv5sFTIpkE89MmNtEArAShI4mxuX2+UrLEe9pxC1vm2cjm9YlWbJw==",
            "dev": true,
            "dependencies": {
                "undici-types": "~5.26.4"
            }
        },
        "node_modules/@types/relateurl": {
            "version": "0.2.33",
            "resolved": "https://registry.npmjs.org/@types/relateurl/-/relateurl-0.2.33.tgz",
            "integrity": "sha512-bTQCKsVbIdzLqZhLkF5fcJQreE4y1ro4DIyVrlDNSCJRRwHhB8Z+4zXXa8jN6eDvc2HbRsEYgbvrnGvi54EpSw==",
            "dev": true
        },
        "node_modules/@types/uglify-js": {
            "version": "3.17.5",
            "resolved": "https://registry.npmjs.org/@types/uglify-js/-/uglify-js-3.17.5.tgz",
            "integrity": "sha512-TU+fZFBTBcXj/GpDpDaBmgWk/gn96kMZ+uocaFUlV2f8a6WdMzzI44QBCmGcCiYR0Y6ZlNRiyUyKKt5nl/lbzQ==",
            "dev": true,
            "dependencies": {
                "source-map": "^0.6.1"
            }
        },
        "node_modules/camel-case": {
            "version": "3.0.0",
            "resolved": "https://registry.npmjs.org/camel-case/-/camel-case-3.0.0.tgz",
            "integrity": "sha512-+MbKztAYHXPr1jNTSKQF52VpcFjwY5RkR7fxksV8Doo4KAYc5Fl4UJRgthBbTmEx8C54DqahhbLJkDwjI3PI/w==",
            "dependencies": {
                "no-case": "^2.2.0",
                "upper-case": "^1.1.1"
            }
        },
        "node_modules/clean-css": {
            "version": "4.2.4",
            "resolved": "https://registry.npmjs.org/clean-css/-/clean-css-4.2.4.tgz",
            "integrity": "sha512-EJUDT7nDVFDvaQgAo2G/PJvxmp1o/c6iXLbswsBbUFXi1Nr+AjA2cKmfbKDMjMvzEe75g3P6JkaDDAKk96A85A==",
            "dependencies": {
                "source-map": "~0.6.0"
            },
            "engines": {
                "node": ">= 4.0"
            }
        },
        "node_modules/commander": {
            "version": "2.20.3",
            "resolved": "https://registry.npmjs.org/commander/-/commander-2.20.3.tgz",
            "integrity": "sha512-GpVkmM8vF2vQUkj2LvZmD35JxeJOLCwJ9cUkugyk2nuhbv3+mJvpLYYt+0+USMxE+oj+ey/lJEnhZw75x/OMcQ=="
        },
        "node_modules/he": {
            "version": "1.2.0",
            "resolved": "https://registry.npmjs.org/he/-/he-1.2.0.tgz",
            "integrity": "sha512-F/1DnUGPopORZi0ni+CvrCgHQ5FyEAHRLSApuYWMmrbSwoN2Mn/7k+Gl38gJnR7yyDZk6WLXwiGod1JOWNDKGw==",
            "bin": {
                "he": "bin/he"
            }
        },
        "node_modules/html-minifier": {
            "version": "4.0.0",
            "resolved": "https://registry.npmjs.org/html-minifier/-/html-minifier-4.0.0.tgz",
            "integrity": "sha512-aoGxanpFPLg7MkIl/DDFYtb0iWz7jMFGqFhvEDZga6/4QTjneiD8I/NXL1x5aaoCp7FSIT6h/OhykDdPsbtMig==",
            "dependencies": {
                "camel-case": "^3.0.0",
                "clean-css": "^4.2.1",
                "commander": "^2.19.0",
                "he": "^1.2.0",
                "param-case": "^2.1.1",
                "relateurl": "^0.2.7",
                "uglify-js": "^3.5.1"
            },
            "bin": {
                "html-minifier": "cli.js"
            },
            "engines": {
                "node": ">=6"
            }
        },
        "node_modules/lower-case": {
            "version": "1.1.4",
            "resolved": "https://registry.npmjs.org/lower-case/-/lower-case-1.1.4.tgz",
            "integrity": "sha512-2Fgx1Ycm599x+WGpIYwJOvsjmXFzTSc34IwDWALRA/8AopUKAVPwfJ+h5+f85BCp0PWmmJcWzEpxOpoXycMpdA=="
        },
        "node_modules/no-case": {
            "version": "2.3.2",
            "resolved": "https://registry.npmjs.org/no-case/-/no-case-2.3.2.tgz",
            "integrity": "sha512-rmTZ9kz+f3rCvK2TD1Ue/oZlns7OGoIWP4fc3llxxRXlOkHKoWPPWJOfFYpITabSow43QJbRIoHQXtt10VldyQ==",
            "dependencies": {
                "lower-case": "^1.1.1"
            }
        },
        "node_modules/param-case": {
            "version": "2.1.1",
            "resolved": "https://registry.npmjs.org/param-case/-/param-case-2.1.1.tgz",
            "integrity": "sha512-eQE845L6ot89sk2N8liD8HAuH4ca6Vvr7VWAWwt7+kvvG5aBcPmmphQ68JsEG2qa9n1TykS2DLeMt363AAH8/w==",
            "dependencies": {
                "no-case": "^2.2.0"
            }
        },
        "node_modules/relateurl": {
            "version": "0.2.7",
            "resolved": "https://registry.npmjs.org/relateurl/-/relateurl-0.2.7.tgz",
            "integrity": "sha512-G08Dxvm4iDN3MLM0EsP62EDV9IuhXPR6blNz6Utcp7zyV3tr4HVNINt6MpaRWbxoOHT3Q7YN2P+jaHX8vUbgog==",
            "engines": {
                "node": ">= 0.10"
            }
        },
        "node_modules/source-map": {
            "version": "0.6.1",
            "resolved": "https://registry.npmjs.org/source-map/-/source-map-0.6.1.tgz",
            "integrity": "sha512-UjgapumWlbMhkBgzT7Ykc5YXUT46F0iKu8SGXq0bcwP5dz/h0Plj6enJqjz1Zbq2l5WaqYnrVbwWOWMyF3F47g==",
            "engines": {
                "node": ">=0.10.0"
            }
        },
        "node_modules/typescript": {
            "version": "5.4.5",
            "resolved": "https://registry.npmjs.org/typescript/-/typescript-5.4.5.tgz",
            "integrity": "sha512-vcI4UpRgg81oIRUFwR0WSIHKt11nJ7SAVlYNIu+QpqeyXP+gpQJy/Z4+F0aGxSE4MqwjyXvW/TzgkLAx2AGHwQ==",
            "dev": true,
            "bin": {
                "tsc": "bin/tsc",
                "tsserver": "bin/tsserver"
            },
            "engines": {
                "node": ">=14.17"
            }
        },
        "node_modules/uglify-js": {
            "version": "3.17.4",
            "resolved": "https://registry.npmjs.org/uglify-js/-/uglify-js-3.17.4.tgz",
            "integrity": "sha512-T9q82TJI9e/C1TAxYvfb16xO120tMVFZrGA3f9/P4424DNu6ypK103y0GPFVa17yotwSyZW5iYXgjYHkGrJW/g==",
            "bin": {
                "uglifyjs": "bin/uglifyjs"
            },
            "engines": {
                "node": ">=0.8.0"
            }
        },
        "node_modules/undici-types": {
            "version": "5.26.5",
            "resolved": "https://registry.npmjs.org/undici-types/-/undici-types-5.26.5.tgz",
            "integrity": "sha512-JlCMO+ehdEIKqlFxk6IfVoAUVmgz7cU7zD/h9XZ0qzeosSHmUJVOzSQvvYSYWXkFXC+IfLKSIffhv0sVZup6pA==",
            "dev": true
        },
        "node_modules/upper-case": {
            "version": "1.1.3",
            "resolved": "https://registry.npmjs.org/upper-case/-/upper-case-1.1.3.tgz",
            "integrity": "sha512-WRbjgmYzgXkCV7zNVpy5YgrHgbBv126rMALQQMrmzOVC4GM2waQ9x7xtm8VU+1yF2kWyPzI9zbZ48n4vSxwfSA=="
        }
    }
}
